// !$*UTF8*$!
{
	archiveVersion = 1;
	classes = {
	};
	objectVersion = 46;
	objects = {

/* Begin PBXBuildFile section */
		C82ED2F518BFB0BA008F8F93 /* Habilidades.m in Sources */ = {isa = PBXBuildFile; fileRef = C82ED2F418BFB0BA008F8F93 /* Habilidades.m */; };
		C8946F6518BD144F00F35981 /* monsters.m in Sources */ = {isa = PBXBuildFile; fileRef = C8946F6418BD144F00F35981 /* monsters.m */; };
		C8946F6818BD198000F35981 /* monsterList.m in Sources */ = {isa = PBXBuildFile; fileRef = C8946F6718BD198000F35981 /* monsterList.m */; };
		C896569518B271B60068B6CB /* Foundation.framework in Frameworks */ = {isa = PBXBuildFile; fileRef = C896569418B271B60068B6CB /* Foundation.framework */; };
		C896569718B271B60068B6CB /* CoreGraphics.framework in Frameworks */ = {isa = PBXBuildFile; fileRef = C896569618B271B60068B6CB /* CoreGraphics.framework */; };
		C896569918B271B60068B6CB /* UIKit.framework in Frameworks */ = {isa = PBXBuildFile; fileRef = C896569818B271B60068B6CB /* UIKit.framework */; };
		C896569B18B271B60068B6CB /* SpriteKit.framework in Frameworks */ = {isa = PBXBuildFile; fileRef = C896569A18B271B60068B6CB /* SpriteKit.framework */; };
		C89656A118B271B60068B6CB /* InfoPlist.strings in Resources */ = {isa = PBXBuildFile; fileRef = C896569F18B271B60068B6CB /* InfoPlist.strings */; };
		C89656A318B271B60068B6CB /* main.m in Sources */ = {isa = PBXBuildFile; fileRef = C89656A218B271B60068B6CB /* main.m */; };
		C89656A718B271B60068B6CB /* AppDelegate.m in Sources */ = {isa = PBXBuildFile; fileRef = C89656A618B271B60068B6CB /* AppDelegate.m */; };
		C89656AA18B271B60068B6CB /* Main_iPhone.storyboard in Resources */ = {isa = PBXBuildFile; fileRef = C89656A818B271B60068B6CB /* Main_iPhone.storyboard */; };
		C89656AD18B271B60068B6CB /* Main_iPad.storyboard in Resources */ = {isa = PBXBuildFile; fileRef = C89656AB18B271B60068B6CB /* Main_iPad.storyboard */; };
		C89656B018B271B60068B6CB /* ViewController.m in Sources */ = {isa = PBXBuildFile; fileRef = C89656AF18B271B60068B6CB /* ViewController.m */; };
		C89656B318B271B60068B6CB /* MyScene.m in Sources */ = {isa = PBXBuildFile; fileRef = C89656B218B271B60068B6CB /* MyScene.m */; };
		C89656B518B271B60068B6CB /* Spaceship.png in Resources */ = {isa = PBXBuildFile; fileRef = C89656B418B271B60068B6CB /* Spaceship.png */; };
		C89656B718B271B60068B6CB /* Images.xcassets in Resources */ = {isa = PBXBuildFile; fileRef = C89656B618B271B60068B6CB /* Images.xcassets */; };
		C89656BE18B271B60068B6CB /* XCTest.framework in Frameworks */ = {isa = PBXBuildFile; fileRef = C89656BD18B271B60068B6CB /* XCTest.framework */; };
		C89656BF18B271B60068B6CB /* Foundation.framework in Frameworks */ = {isa = PBXBuildFile; fileRef = C896569418B271B60068B6CB /* Foundation.framework */; };
		C89656C018B271B60068B6CB /* UIKit.framework in Frameworks */ = {isa = PBXBuildFile; fileRef = C896569818B271B60068B6CB /* UIKit.framework */; };
		C89656C818B271B60068B6CB /* InfoPlist.strings in Resources */ = {isa = PBXBuildFile; fileRef = C89656C618B271B60068B6CB /* InfoPlist.strings */; };
		C89656CA18B271B60068B6CB /* moshi_moshiTests.m in Sources */ = {isa = PBXBuildFile; fileRef = C89656C918B271B60068B6CB /* moshi_moshiTests.m */; };
/* End PBXBuildFile section */

/* Begin PBXContainerItemProxy section */
		C89656C118B271B60068B6CB /* PBXContainerItemProxy */ = {
			isa = PBXContainerItemProxy;
			containerPortal = C896568918B271B60068B6CB /* Project object */;
			proxyType = 1;
			remoteGlobalIDString = C896569018B271B60068B6CB;
			remoteInfo = "moshi moshi";
		};
/* End PBXContainerItemProxy section */

/* Begin PBXFileReference section */
		C82ED2F318BFB0BA008F8F93 /* Habilidades.h */ = {isa = PBXFileReference; fileEncoding = 4; lastKnownFileType = sourcecode.c.h; path = Habilidades.h; sourceTree = "<group>"; };
		C82ED2F418BFB0BA008F8F93 /* Habilidades.m */ = {isa = PBXFileReference; fileEncoding = 4; lastKnownFileType = sourcecode.c.objc; path = Habilidades.m; sourceTree = "<group>"; };
		C8946F6318BD144F00F35981 /* monsters.h */ = {isa = PBXFileReference; fileEncoding = 4; lastKnownFileType = sourcecode.c.h; path = monsters.h; sourceTree = "<group>"; };
		C8946F6418BD144F00F35981 /* monsters.m */ = {isa = PBXFileReference; fileEncoding = 4; lastKnownFileType = sourcecode.c.objc; path = monsters.m; sourceTree = "<group>"; };
		C8946F6618BD198000F35981 /* monsterList.h */ = {isa = PBXFileReference; fileEncoding = 4; lastKnownFileType = sourcecode.c.h; path = monsterList.h; sourceTree = "<group>"; };
		C8946F6718BD198000F35981 /* monsterList.m */ = {isa = PBXFileReference; fileEncoding = 4; lastKnownFileType = sourcecode.c.objc; path = monsterList.m; sourceTree = "<group>"; };
		C896569118B271B60068B6CB /* moshi moshi.app */ = {isa = PBXFileReference; explicitFileType = wrapper.application; includeInIndex = 0; path = "moshi moshi.app"; sourceTree = BUILT_PRODUCTS_DIR; };
		C896569418B271B60068B6CB /* Foundation.framework */ = {isa = PBXFileReference; lastKnownFileType = wrapper.framework; name = Foundation.framework; path = System/Library/Frameworks/Foundation.framework; sourceTree = SDKROOT; };
		C896569618B271B60068B6CB /* CoreGraphics.framework */ = {isa = PBXFileReference; lastKnownFileType = wrapper.framework; name = CoreGraphics.framework; path = System/Library/Frameworks/CoreGraphics.framework; sourceTree = SDKROOT; };
		C896569818B271B60068B6CB /* UIKit.framework */ = {isa = PBXFileReference; lastKnownFileType = wrapper.framework; name = UIKit.framework; path = System/Library/Frameworks/UIKit.framework; sourceTree = SDKROOT; };
		C896569A18B271B60068B6CB /* SpriteKit.framework */ = {isa = PBXFileReference; lastKnownFileType = wrapper.framework; name = SpriteKit.framework; path = System/Library/Frameworks/SpriteKit.framework; sourceTree = SDKROOT; };
		C896569E18B271B60068B6CB /* moshi moshi-Info.plist */ = {isa = PBXFileReference; lastKnownFileType = text.plist.xml; path = "moshi moshi-Info.plist"; sourceTree = "<group>"; };
		C89656A018B271B60068B6CB /* en */ = {isa = PBXFileReference; lastKnownFileType = text.plist.strings; name = en; path = en.lproj/InfoPlist.strings; sourceTree = "<group>"; };
		C89656A218B271B60068B6CB /* main.m */ = {isa = PBXFileReference; lastKnownFileType = sourcecode.c.objc; path = main.m; sourceTree = "<group>"; };
		C89656A418B271B60068B6CB /* moshi moshi-Prefix.pch */ = {isa = PBXFileReference; lastKnownFileType = sourcecode.c.h; path = "moshi moshi-Prefix.pch"; sourceTree = "<group>"; };
		C89656A518B271B60068B6CB /* AppDelegate.h */ = {isa = PBXFileReference; lastKnownFileType = sourcecode.c.h; path = AppDelegate.h; sourceTree = "<group>"; };
		C89656A618B271B60068B6CB /* AppDelegate.m */ = {isa = PBXFileReference; lastKnownFileType = sourcecode.c.objc; path = AppDelegate.m; sourceTree = "<group>"; };
		C89656A918B271B60068B6CB /* Base */ = {isa = PBXFileReference; lastKnownFileType = file.storyboard; name = Base; path = Base.lproj/Main_iPhone.storyboard; sourceTree = "<group>"; };
		C89656AC18B271B60068B6CB /* Base */ = {isa = PBXFileReference; lastKnownFileType = file.storyboard; name = Base; path = Base.lproj/Main_iPad.storyboard; sourceTree = "<group>"; };
		C89656AE18B271B60068B6CB /* ViewController.h */ = {isa = PBXFileReference; lastKnownFileType = sourcecode.c.h; path = ViewController.h; sourceTree = "<group>"; };
		C89656AF18B271B60068B6CB /* ViewController.m */ = {isa = PBXFileReference; lastKnownFileType = sourcecode.c.objc; path = ViewController.m; sourceTree = "<group>"; };
		C89656B118B271B60068B6CB /* MyScene.h */ = {isa = PBXFileReference; lastKnownFileType = sourcecode.c.h; path = MyScene.h; sourceTree = "<group>"; };
		C89656B218B271B60068B6CB /* MyScene.m */ = {isa = PBXFileReference; lastKnownFileType = sourcecode.c.objc; path = MyScene.m; sourceTree = "<group>"; };
		C89656B418B271B60068B6CB /* Spaceship.png */ = {isa = PBXFileReference; lastKnownFileType = image.png; path = Spaceship.png; sourceTree = "<group>"; };
		C89656B618B271B60068B6CB /* Images.xcassets */ = {isa = PBXFileReference; lastKnownFileType = folder.assetcatalog; path = Images.xcassets; sourceTree = "<group>"; };
		C89656BC18B271B60068B6CB /* moshi moshiTests.xctest */ = {isa = PBXFileReference; explicitFileType = wrapper.cfbundle; includeInIndex = 0; path = "moshi moshiTests.xctest"; sourceTree = BUILT_PRODUCTS_DIR; };
		C89656BD18B271B60068B6CB /* XCTest.framework */ = {isa = PBXFileReference; lastKnownFileType = wrapper.framework; name = XCTest.framework; path = Library/Frameworks/XCTest.framework; sourceTree = DEVELOPER_DIR; };
		C89656C518B271B60068B6CB /* moshi moshiTests-Info.plist */ = {isa = PBXFileReference; lastKnownFileType = text.plist.xml; path = "moshi moshiTests-Info.plist"; sourceTree = "<group>"; };
		C89656C718B271B60068B6CB /* en */ = {isa = PBXFileReference; lastKnownFileType = text.plist.strings; name = en; path = en.lproj/InfoPlist.strings; sourceTree = "<group>"; };
		C89656C918B271B60068B6CB /* moshi_moshiTests.m */ = {isa = PBXFileReference; lastKnownFileType = sourcecode.c.objc; path = moshi_moshiTests.m; sourceTree = "<group>"; };
/* End PBXFileReference section */

/* Begin PBXFrameworksBuildPhase section */
		C896568E18B271B60068B6CB /* Frameworks */ = {
			isa = PBXFrameworksBuildPhase;
			buildActionMask = 2147483647;
			files = (
				C896569718B271B60068B6CB /* CoreGraphics.framework in Frameworks */,
				C896569918B271B60068B6CB /* UIKit.framework in Frameworks */,
				C896569B18B271B60068B6CB /* SpriteKit.framework in Frameworks */,
				C896569518B271B60068B6CB /* Foundation.framework in Frameworks */,
			);
			runOnlyForDeploymentPostprocessing = 0;
		};
		C89656B918B271B60068B6CB /* Frameworks */ = {
			isa = PBXFrameworksBuildPhase;
			buildActionMask = 2147483647;
			files = (
				C89656BE18B271B60068B6CB /* XCTest.framework in Frameworks */,
				C89656C018B271B60068B6CB /* UIKit.framework in Frameworks */,
				C89656BF18B271B60068B6CB /* Foundation.framework in Frameworks */,
			);
			runOnlyForDeploymentPostprocessing = 0;
		};
/* End PBXFrameworksBuildPhase section */

/* Begin PBXGroup section */
		C896568818B271B60068B6CB = {
			isa = PBXGroup;
			children = (
				C82ED2F318BFB0BA008F8F93 /* Habilidades.h */,
				C82ED2F418BFB0BA008F8F93 /* Habilidades.m */,
				C8946F6618BD198000F35981 /* monsterList.h */,
				C8946F6718BD198000F35981 /* monsterList.m */,
				C8946F6318BD144F00F35981 /* monsters.h */,
				C8946F6418BD144F00F35981 /* monsters.m */,
				C896569C18B271B60068B6CB /* moshi moshi */,
				C89656C318B271B60068B6CB /* moshi moshiTests */,
				C896569318B271B60068B6CB /* Frameworks */,
				C896569218B271B60068B6CB /* Products */,
			);
			sourceTree = "<group>";
		};
		C896569218B271B60068B6CB /* Products */ = {
			isa = PBXGroup;
			children = (
				C896569118B271B60068B6CB /* moshi moshi.app */,
				C89656BC18B271B60068B6CB /* moshi moshiTests.xctest */,
			);
			name = Products;
			sourceTree = "<group>";
		};
		C896569318B271B60068B6CB /* Frameworks */ = {
			isa = PBXGroup;
			children = (
				C896569418B271B60068B6CB /* Foundation.framework */,
				C896569618B271B60068B6CB /* CoreGraphics.framework */,
				C896569818B271B60068B6CB /* UIKit.framework */,
				C896569A18B271B60068B6CB /* SpriteKit.framework */,
				C89656BD18B271B60068B6CB /* XCTest.framework */,
			);
			name = Frameworks;
			sourceTree = "<group>";
		};
		C896569C18B271B60068B6CB /* moshi moshi */ = {
			isa = PBXGroup;
			children = (
				C89656A518B271B60068B6CB /* AppDelegate.h */,
				C89656A618B271B60068B6CB /* AppDelegate.m */,
				C89656A818B271B60068B6CB /* Main_iPhone.storyboard */,
				C89656AB18B271B60068B6CB /* Main_iPad.storyboard */,
				C89656AE18B271B60068B6CB /* ViewController.h */,
				C89656AF18B271B60068B6CB /* ViewController.m */,
				C89656B118B271B60068B6CB /* MyScene.h */,
				C89656B218B271B60068B6CB /* MyScene.m */,
				C89656B418B271B60068B6CB /* Spaceship.png */,
				C89656B618B271B60068B6CB /* Images.xcassets */,
				C896569D18B271B60068B6CB /* Supporting Files */,
			);
			path = "moshi moshi";
			sourceTree = "<group>";
		};
		C896569D18B271B60068B6CB /* Supporting Files */ = {
			isa = PBXGroup;
			children = (
				C896569E18B271B60068B6CB /* moshi moshi-Info.plist */,
				C896569F18B271B60068B6CB /* InfoPlist.strings */,
				C89656A218B271B60068B6CB /* main.m */,
				C89656A418B271B60068B6CB /* moshi moshi-Prefix.pch */,
			);
			name = "Supporting Files";
			sourceTree = "<group>";
		};
		C89656C318B271B60068B6CB /* moshi moshiTests */ = {
			isa = PBXGroup;
			children = (
				C89656C918B271B60068B6CB /* moshi_moshiTests.m */,
				C89656C418B271B60068B6CB /* Supporting Files */,
			);
			path = "moshi moshiTests";
			sourceTree = "<group>";
		};
		C89656C418B271B60068B6CB /* Supporting Files */ = {
			isa = PBXGroup;
			children = (
				C89656C518B271B60068B6CB /* moshi moshiTests-Info.plist */,
				C89656C618B271B60068B6CB /* InfoPlist.strings */,
			);
			name = "Supporting Files";
			sourceTree = "<group>";
		};
/* End PBXGroup section */

/* Begin PBXNativeTarget section */
		C896569018B271B60068B6CB /* moshi moshi */ = {
			isa = PBXNativeTarget;
			buildConfigurationList = C89656CD18B271B60068B6CB /* Build configuration list for PBXNativeTarget "moshi moshi" */;
			buildPhases = (
				C896568D18B271B60068B6CB /* Sources */,
				C896568E18B271B60068B6CB /* Frameworks */,
				C896568F18B271B60068B6CB /* Resources */,
			);
			buildRules = (
			);
			dependencies = (
			);
			name = "moshi moshi";
			productName = "moshi moshi";
			productReference = C896569118B271B60068B6CB /* moshi moshi.app */;
			productType = "com.apple.product-type.application";
		};
		C89656BB18B271B60068B6CB /* moshi moshiTests */ = {
			isa = PBXNativeTarget;
			buildConfigurationList = C89656D018B271B60068B6CB /* Build configuration list for PBXNativeTarget "moshi moshiTests" */;
			buildPhases = (
				C89656B818B271B60068B6CB /* Sources */,
				C89656B918B271B60068B6CB /* Frameworks */,
				C89656BA18B271B60068B6CB /* Resources */,
			);
			buildRules = (
			);
			dependencies = (
				C89656C218B271B60068B6CB /* PBXTargetDependency */,
			);
			name = "moshi moshiTests";
			productName = "moshi moshiTests";
			productReference = C89656BC18B271B60068B6CB /* moshi moshiTests.xctest */;
			productType = "com.apple.product-type.bundle.unit-test";
		};
/* End PBXNativeTarget section */

/* Begin PBXProject section */
		C896568918B271B60068B6CB /* Project object */ = {
			isa = PBXProject;
			attributes = {
				LastUpgradeCheck = 0500;
				ORGANIZATIONNAME = "Vinicius Soares Lima";
				TargetAttributes = {
					C89656BB18B271B60068B6CB = {
						TestTargetID = C896569018B271B60068B6CB;
					};
				};
			};
			buildConfigurationList = C896568C18B271B60068B6CB /* Build configuration list for PBXProject "moshi moshi" */;
			compatibilityVersion = "Xcode 3.2";
			developmentRegion = English;
			hasScannedForEncodings = 0;
			knownRegions = (
				en,
				Base,
			);
			mainGroup = C896568818B271B60068B6CB;
			productRefGroup = C896569218B271B60068B6CB /* Products */;
			projectDirPath = "";
			projectRoot = "";
			targets = (
				C896569018B271B60068B6CB /* moshi moshi */,
				C89656BB18B271B60068B6CB /* moshi moshiTests */,
			);
		};
/* End PBXProject section */

/* Begin PBXResourcesBuildPhase section */
		C896568F18B271B60068B6CB /* Resources */ = {
			isa = PBXResourcesBuildPhase;
			buildActionMask = 2147483647;
			files = (
				C89656B518B271B60068B6CB /* Spaceship.png in Resources */,
				C89656B718B271B60068B6CB /* Images.xcassets in Resources */,
				C89656AD18B271B60068B6CB /* Main_iPad.storyboard in Resources */,
				C89656AA18B271B60068B6CB /* Main_iPhone.storyboard in Resources */,
				C89656A118B271B60068B6CB /* InfoPlist.strings in Resources */,
			);
			runOnlyForDeploymentPostprocessing = 0;
		};
		C89656BA18B271B60068B6CB /* Resources */ = {
			isa = PBXResourcesBuildPhase;
			buildActionMask = 2147483647;
			files = (
				C89656C818B271B60068B6CB /* InfoPlist.strings in Resources */,
			);
			runOnlyForDeploymentPostprocessing = 0;
		};
/* End PBXResourcesBuildPhase section */

/* Begin PBXSourcesBuildPhase section */
		C896568D18B271B60068B6CB /* Sources */ = {
			isa = PBXSourcesBuildPhase;
			buildActionMask = 2147483647;
			files = (
				C82ED2F518BFB0BA008F8F93 /* Habilidades.m in Sources */,
				C8946F6818BD198000F35981 /* monsterList.m in Sources */,
				C89656B318B271B60068B6CB /* MyScene.m in Sources */,
				C89656B018B271B60068B6CB /* ViewController.m in Sources */,
				C8946F6518BD144F00F35981 /* monsters.m in Sources */,
				C89656A718B271B60068B6CB /* AppDelegate.m in Sources */,
				C89656A318B271B60068B6CB /* main.m in Sources */,
			);
			runOnlyForDeploymentPostprocessing = 0;
		};
		C89656B818B271B60068B6CB /* Sources */ = {
			isa = PBXSourcesBuildPhase;
			buildActionMask = 2147483647;
			files = (
				C89656CA18B271B60068B6CB /* moshi_moshiTests.m in Sources */,
			);
			runOnlyForDeploymentPostprocessing = 0;
		};
/* End PBXSourcesBuildPhase section */

/* Begin PBXTargetDependency section */
		C89656C218B271B60068B6CB /* PBXTargetDependency */ = {
			isa = PBXTargetDependency;
			target = C896569018B271B60068B6CB /* moshi moshi */;
			targetProxy = C89656C118B271B60068B6CB /* PBXContainerItemProxy */;
		};
/* End PBXTargetDependency section */

/* Begin PBXVariantGroup section */
		C896569F18B271B60068B6CB /* InfoPlist.strings */ = {
			isa = PBXVariantGroup;
			children = (
				C89656A018B271B60068B6CB /* en */,
			);
			name = InfoPlist.strings;
			sourceTree = "<group>";
		};
		C89656A818B271B60068B6CB /* Main_iPhone.storyboard */ = {
			isa = PBXVariantGroup;
			children = (
				C89656A918B271B60068B6CB /* Base */,
			);
			name = Main_iPhone.storyboard;
			sourceTree = "<group>";
		};
		C89656AB18B271B60068B6CB /* Main_iPad.storyboard */ = {
			isa = PBXVariantGroup;
			children = (
				C89656AC18B271B60068B6CB /* Base */,
			);
			name = Main_iPad.storyboard;
			sourceTree = "<group>";
		};
		C89656C618B271B60068B6CB /* InfoPlist.strings */ = {
			isa = PBXVariantGroup;
			children = (
				C89656C718B271B60068B6CB /* en */,
			);
			name = InfoPlist.strings;
			sourceTree = "<group>";
		};
/* End PBXVariantGroup section */

/* Begin XCBuildConfiguration section */
		C89656CB18B271B60068B6CB /* Debug */ = {
			isa = XCBuildConfiguration;
			buildSettings = {
				ALWAYS_SEARCH_USER_PATHS = NO;
				ARCHS = "$(ARCHS_STANDARD_INCLUDING_64_BIT)";
				CLANG_CXX_LANGUAGE_STANDARD = "gnu++0x";
				CLANG_CXX_LIBRARY = "libc++";
				CLANG_ENABLE_MODULES = YES;
				CLANG_ENABLE_OBJC_ARC = YES;
				CLANG_WARN_BOOL_CONVERSION = YES;
				CLANG_WARN_CONSTANT_CONVERSION = YES;
				CLANG_WARN_DIRECT_OBJC_ISA_USAGE = YES_ERROR;
				CLANG_WARN_EMPTY_BODY = YES;
				CLANG_WARN_ENUM_CONVERSION = YES;
				CLANG_WARN_INT_CONVERSION = YES;
				CLANG_WARN_OBJC_ROOT_CLASS = YES_ERROR;
				CLANG_WARN__DUPLICATE_METHOD_MATCH = YES;
				"CODE_SIGN_IDENTITY[sdk=iphoneos*]" = "iPhone Developer";
				COPY_PHASE_STRIP = NO;
				GCC_C_LANGUAGE_STANDARD = gnu99;
				GCC_DYNAMIC_NO_PIC = NO;
				GCC_OPTIMIZATION_LEVEL = 0;
				GCC_PREPROCESSOR_DEFINITIONS = (
					"DEBUG=1",
					"$(inherited)",
				);
				GCC_SYMBOLS_PRIVATE_EXTERN = NO;
				GCC_WARN_64_TO_32_BIT_CONVERSION = YES;
				GCC_WARN_ABOUT_RETURN_TYPE = YES_ERROR;
				GCC_WARN_UNDECLARED_SELECTOR = YES;
				GCC_WARN_UNINITIALIZED_AUTOS = YES;
				GCC_WARN_UNUSED_FUNCTION = YES;
				GCC_WARN_UNUSED_VARIABLE = YES;
				IPHONEOS_DEPLOYMENT_TARGET = 7.0;
				ONLY_ACTIVE_ARCH = YES;
				SDKROOT = iphoneos;
				TARGETED_DEVICE_FAMILY = "1,2";
			};
			name = Debug;
		};
		C89656CC18B271B60068B6CB /* Release */ = {
			isa = XCBuildConfiguration;
			buildSettings = {
				ALWAYS_SEARCH_USER_PATHS = NO;
				ARCHS = "$(ARCHS_STANDARD_INCLUDING_64_BIT)";
				CLANG_CXX_LANGUAGE_STANDARD = "gnu++0x";
				CLANG_CXX_LIBRARY = "libc++";
				CLANG_ENABLE_MODULES = YES;
				CLANG_ENABLE_OBJC_ARC = YES;
				CLANG_WARN_BOOL_CONVERSION = YES;
				CLANG_WARN_CONSTANT_CONVERSION = YES;
				CLANG_WARN_DIRECT_OBJC_ISA_USAGE = YES_ERROR;
				CLANG_WARN_EMPTY_BODY = YES;
				CLANG_WARN_ENUM_CONVERSION = YES;
				CLANG_WARN_INT_CONVERSION = YES;
				CLANG_WARN_OBJC_ROOT_CLASS = YES_ERROR;
				CLANG_WARN__DUPLICATE_METHOD_MATCH = YES;
				"CODE_SIGN_IDENTITY[sdk=iphoneos*]" = "iPhone Developer";
				COPY_PHASE_STRIP = YES;
				ENABLE_NS_ASSERTIONS = NO;
				GCC_C_LANGUAGE_STANDARD = gnu99;
				GCC_WARN_64_TO_32_BIT_CONVERSION = YES;
				GCC_WARN_ABOUT_RETURN_TYPE = YES_ERROR;
				GCC_WARN_UNDECLARED_SELECTOR = YES;
				GCC_WARN_UNINITIALIZED_AUTOS = YES;
				GCC_WARN_UNUSED_FUNCTION = YES;
				GCC_WARN_UNUSED_VARIABLE = YES;
				IPHONEOS_DEPLOYMENT_TARGET = 7.0;
				SDKROOT = iphoneos;
				TARGETED_DEVICE_FAMILY = "1,2";
				VALIDATE_PRODUCT = YES;
			};
			name = Release;
		};
		C89656CE18B271B60068B6CB /* Debug */ = {
			isa = XCBuildConfiguration;
			buildSettings = {
				ASSETCATALOG_COMPILER_APPICON_NAME = AppIcon;
				ASSETCATALOG_COMPILER_LAUNCHIMAGE_NAME = LaunchImage;
				GCC_PRECOMPILE_PREFIX_HEADER = YES;
				GCC_PREFIX_HEADER = "moshi moshi/moshi moshi-Prefix.pch";
				INFOPLIST_FILE = "moshi moshi/moshi moshi-Info.plist";
				PRODUCT_NAME = "$(TARGET_NAME)";
				SPRITEKIT_TEXTURE_ATLAS_OUTPUT = YES;
				WRAPPER_EXTENSION = app;
			};
			name = Debug;
		};
		C89656CF18B271B60068B6CB /* Release */ = {
			isa = XCBuildConfiguration;
			buildSettings = {
				ASSETCATALOG_COMPILER_APPICON_NAME = AppIcon;
				ASSETCATALOG_COMPILER_LAUNCHIMAGE_NAME = LaunchImage;
				GCC_PRECOMPILE_PREFIX_HEADER = YES;
				GCC_PREFIX_HEADER = "moshi moshi/moshi moshi-Prefix.pch";
				INFOPLIST_FILE = "moshi moshi/moshi moshi-Info.plist";
				PRODUCT_NAME = "$(TARGET_NAME)";
				SPRITEKIT_TEXTURE_ATLAS_OUTPUT = YES;
				WRAPPER_EXTENSION = app;
			};
			name = Release;
		};
		C89656D118B271B60068B6CB /* Debug */ = {
			isa = XCBuildConfiguration;
			buildSettings = {
				ARCHS = "$(ARCHS_STANDARD_INCLUDING_64_BIT)";
				BUNDLE_LOADER = "$(BUILT_PRODUCTS_DIR)/moshi moshi.app/moshi moshi";
				FRAMEWORK_SEARCH_PATHS = (
					"$(SDKROOT)/Developer/Library/Frameworks",
					"$(inherited)",
					"$(DEVELOPER_FRAMEWORKS_DIR)",
				);
				GCC_PRECOMPILE_PREFIX_HEADER = YES;
				GCC_PREFIX_HEADER = "moshi moshi/moshi moshi-Prefix.pch";
				GCC_PREPROCESSOR_DEFINITIONS = (
					"DEBUG=1",
					"$(inherited)",
				);
				INFOPLIST_FILE = "moshi moshiTests/moshi moshiTests-Info.plist";
				PRODUCT_NAME = "$(TARGET_NAME)";
				TEST_HOST = "$(BUNDLE_LOADER)";
				WRAPPER_EXTENSION = xctest;
			};
			name = Debug;
		};
		C89656D218B271B60068B6CB /* Release */ = {
			isa = XCBuildConfiguration;
			buildSettings = {
				ARCHS = "$(ARCHS_STANDARD_INCLUDING_64_BIT)";
				BUNDLE_LOADER = "$(BUILT_PRODUCTS_DIR)/moshi moshi.app/moshi moshi";
				FRAMEWORK_SEARCH_PATHS = (
					"$(SDKROOT)/Developer/Library/Frameworks",
					"$(inherited)",
					"$(DEVELOPER_FRAMEWORKS_DIR)",
				);
				GCC_PRECOMPILE_PREFIX_HEADER = YES;
				GCC_PREFIX_HEADER = "moshi moshi/moshi moshi-Prefix.pch";
				INFOPLIST_FILE = "moshi moshiTests/moshi moshiTests-Info.plist";
				PRODUCT_NAME = "$(TARGET_NAME)";
				TEST_HOST = "$(BUNDLE_LOADER)";
				WRAPPER_EXTENSION = xctest;
			};
			name = Release;
		};
/* End XCBuildConfiguration section */

/* Begin XCConfigurationList section */
		C896568C18B271B60068B6CB /* Build configuration list for PBXProject "moshi moshi" */ = {
			isa = XCConfigurationList;
			buildConfigurations = (
				C89656CB18B271B60068B6CB /* Debug */,
				C89656CC18B271B60068B6CB /* Release */,
			);
			defaultConfigurationIsVisible = 0;
			defaultConfigurationName = Release;
		};
		C89656CD18B271B60068B6CB /* Build configuration list for PBXNativeTarget "moshi moshi" */ = {
			isa = XCConfigurationList;
			buildConfigurations = (
				C89656CE18B271B60068B6CB /* Debug */,
				C89656CF18B271B60068B6CB /* Release */,
			);
			defaultConfigurationIsVisible = 0;
			defaultConfigurationName = Release;
		};
		C89656D018B271B60068B6CB /* Build configuration list for PBXNativeTarget "moshi moshiTests" */ = {
			isa = XCConfigurationList;
			buildConfigurations = (
				C89656D118B271B60068B6CB /* Debug */,
				C89656D218B271B60068B6CB /* Release */,
			);
			defaultConfigurationIsVisible = 0;
			defaultConfigurationName = Release;
		};
/* End XCConfigurationList section */
	};
	rootObject = C896568918B271B60068B6CB /* Project object */;
}
